
Microsoft Visual Studio Solution File, Format Version 12.00
# Visual Studio 15
VisualStudioVersion = 15.0.27130.2026
MinimumVisualStudioVersion = 10.0.40219.1
Project("{8BC9CEB8-8B4A-11D0-8D11-00A0C91BC942}") = "TimeConversion", "TimeConversion\TimeConversion.vcxproj", "{28C98F3D-D925-48AC-8115-D7594AC0C449}"
EndProject
Global
	GlobalSection(SolutionConfigurationPlatforms) = preSolution
		Debug|x64 = Debug|x64
		Debug|x86 = Debug|x86
		Release|x64 = Release|x64
		Release|x86 = Release|x86
	EndGlobalSection
	GlobalSection(ProjectConfigurationPlatforms) = postSolution
		{28C98F3D-D925-48AC-8115-D7594AC0C449}.Debug|x64.ActiveCfg = Debug|x64
		{28C98F3D-D925-48AC-8115-D7594AC0C449}.Debug|x64.Build.0 = Debug|x64
		{28C98F3D-D925-48AC-8115-D7594AC0C449}.Debug|x86.ActiveCfg = Debug|Win32
		{28C98F3D-D925-48AC-8115-D7594AC0C449}.Debug|x86.Build.0 = Debug|Win32
		{28C98F3D-D925-48AC-8115-D7594AC0C449}.Release|x64.ActiveCfg = Release|x64
		{28C98F3D-D925-48AC-8115-D7594AC0C449}.Release|x64.Build.0 = Release|x64
		{28C98F3D-D925-48AC-8115-D7594AC0C449}.Release|x86.ActiveCfg = Release|Win32
		{28C98F3D-D925-48AC-8115-D7594AC0C449}.Release|x86.Build.0 = Release|Win32
	EndGlobalSection
	GlobalSection(SolutionProperties) = preSolution
		HideSolutionNode = FALSE
	EndGlobalSection
	GlobalSection(ExtensibilityGlobals) = postSolution
		SolutionGuid = {48B8F89D-3D0B-48B8-B28C-04EEED15214B}
	EndGlobalSection
EndGlobal
